{
  "version": 4,
  "terraform_version": "1.4.6",
  "serial": 100,
  "lineage": "69f186db-c834-2e66-70e1-74df9a763aab",
  "outputs": {},
  "resources": [
    {
      "mode": "managed",
      "type": "lxd_container",
      "name": "sample-test",
      "provider": "provider[\"registry.terraform.io/terraform-lxd/lxd\"]",
      "instances": [
        {
          "schema_version": 0,
          "attributes": {
            "config": {},
            "device": [
              {
                "name": "sample_volume",
                "properties": {
                  "path": "/lxd_temp",
                  "pool": "sample_pool",
                  "source": "sample_volume"
                },
                "type": "disk"
              }
            ],
            "ephemeral": false,
            "file": [],
            "id": "sample-test",
            "image": "images:ubuntu/22.04",
            "ip_address": null,
            "ipv4_address": null,
            "ipv6_address": null,
            "limits": {},
            "mac_address": null,
            "name": "sample-test",
            "privileged": false,
            "profiles": [
              "sample_profile"
            ],
            "project": null,
            "remote": null,
            "start_container": false,
            "status": "Stopped",
            "target": "none",
            "type": "container",
            "wait_for_network": true
          },
          "sensitive_attributes": [],
          "private": "bnVsbA==",
          "dependencies": [
            "lxd_network.sample_network",
            "lxd_profile.sample_profile",
            "lxd_storage_pool.sample_pool",
            "lxd_volume.sample_volume"
          ]
        }
      ]
    },
    {
      "mode": "managed",
      "type": "lxd_network",
      "name": "sample_network",
      "provider": "provider[\"registry.terraform.io/terraform-lxd/lxd\"]",
      "instances": [
        {
          "schema_version": 0,
          "attributes": {
            "config": {
              "ipv4.address": "192.168.0.1/24",
              "ipv4.nat": "true",
              "ipv6.address": "none",
              "ipv6.nat": "false"
            },
            "description": "",
            "id": "sample_network",
            "managed": true,
            "name": "sample_network",
            "project": null,
            "remote": null,
            "target": null,
            "type": "bridge"
          },
          "sensitive_attributes": [],
          "private": "bnVsbA=="
        }
      ]
    },
    {
      "mode": "managed",
      "type": "lxd_profile",
      "name": "sample_profile",
      "provider": "provider[\"registry.terraform.io/terraform-lxd/lxd\"]",
      "instances": [
        {
          "schema_version": 0,
          "attributes": {
            "config": {},
            "description": "",
            "device": [
              {
                "name": "eth0",
                "properties": {
                  "name": "eth0",
                  "network": "sample_network"
                },
                "type": "nic"
              },
              {
                "name": "root",
                "properties": {
                  "path": "/",
                  "pool": "sample_pool"
                },
                "type": "disk"
              }
            ],
            "id": "sample_profile",
            "name": "sample_profile",
            "project": null,
            "remote": null
          },
          "sensitive_attributes": [],
          "private": "bnVsbA==",
          "dependencies": [
            "lxd_network.sample_network",
            "lxd_storage_pool.sample_pool"
          ]
        }
      ]
    },
    {
      "mode": "managed",
      "type": "lxd_project",
      "name": "sample-project",
      "provider": "provider[\"registry.terraform.io/terraform-lxd/lxd\"]",
      "instances": [
        {
          "schema_version": 0,
          "attributes": {
            "config": {
              "features.images": "true",
              "features.profiles": "true",
              "features.storage.buckets": "true",
              "features.storage.volumes": "true"
            },
            "description": "Terraform provider example project",
            "id": "sample-project",
            "name": "sample-project",
            "target": null
          },
          "sensitive_attributes": [],
          "private": "bnVsbA=="
        }
      ]
    },
    {
      "mode": "managed",
      "type": "lxd_publish_image",
      "name": "sample-image",
      "provider": "provider[\"registry.terraform.io/terraform-lxd/lxd\"]",
      "instances": [
        {
          "schema_version": 0,
          "attributes": {
            "aliases": [
              "sample_test_img"
            ],
            "compression_algorithm": "gzip",
            "container": "sample-test",
            "filename": null,
            "id": "local/c246809de97570f69d127404b7cafe3e260af4e13bd7f0d957d251cd83d05005",
            "project": null,
            "properties": null,
            "public": false,
            "triggers": null
          },
          "sensitive_attributes": [],
          "private": "bnVsbA==",
          "dependencies": [
            "lxd_container.sample-test"
          ]
        }
      ]
    },
    {
      "mode": "managed",
      "type": "lxd_storage_pool",
      "name": "sample_pool",
      "provider": "provider[\"registry.terraform.io/terraform-lxd/lxd\"]",
      "instances": [
        {
          "schema_version": 0,
          "attributes": {
            "config": {
              "source": "/var/snap/lxd/common/lxd/storage-pools/sample_pool"
            },
            "driver": "dir",
            "id": "sample_pool",
            "name": "sample_pool",
            "project": null,
            "remote": null,
            "target": null
          },
          "sensitive_attributes": [],
          "private": "bnVsbA=="
        }
      ]
    },
    {
      "mode": "managed",
      "type": "lxd_volume",
      "name": "sample_volume",
      "provider": "provider[\"registry.terraform.io/terraform-lxd/lxd\"]",
      "instances": [
        {
          "schema_version": 0,
          "attributes": {
            "config": {},
            "expanded_config": {},
            "id": "sample_pool/sample_volume/custom",
            "location": "none",
            "name": "sample_volume",
            "pool": "sample_pool",
            "project": null,
            "remote": null,
            "target": null,
            "type": "custom"
          },
          "sensitive_attributes": [],
          "private": "bnVsbA==",
          "dependencies": [
            "lxd_storage_pool.sample_pool"
          ]
        }
      ]
    }
  ],
  "check_results": null
}
